
Microsoft Visual Studio Solution File, Format Version 12.00
# Visual Studio 15
VisualStudioVersion = 15.0.34320.172
MinimumVisualStudioVersion = 10.0.40219.1
Project("{FAE04EC0-301F-11D3-BF4B-00C04F79EFBC}") = "testhello3", "testhello3\testhello3.csproj", "{544BABA3-2772-4CB4-9E32-EDB08541B048}"
EndProject
Global
	GlobalSection(SolutionConfigurationPlatforms) = preSolution
		Debug|Any CPU = Debug|Any CPU
		Release|Any CPU = Release|Any CPU
	EndGlobalSection
	GlobalSection(ProjectConfigurationPlatforms) = postSolution
		{544BABA3-2772-4CB4-9E32-EDB08541B048}.Debug|Any CPU.ActiveCfg = Debug|Any CPU
		{544BABA3-2772-4CB4-9E32-EDB08541B048}.Debug|Any CPU.Build.0 = Debug|Any CPU
		{544BABA3-2772-4CB4-9E32-EDB08541B048}.Release|Any CPU.ActiveCfg = Release|Any CPU
		{544BABA3-2772-4CB4-9E32-EDB08541B048}.Release|Any CPU.Build.0 = Release|Any CPU
	EndGlobalSection
	GlobalSection(SolutionProperties) = preSolution
		HideSolutionNode = FALSE
	EndGlobalSection
	GlobalSection(ExtensibilityGlobals) = postSolution
		SolutionGuid = {E2B20CAC-6DD8-4BA2-A6C4-405E35027CE4}
	EndGlobalSection
EndGlobal
